
Microsoft Visual Studio Solution File, Format Version 12.00
# Visual Studio 15
VisualStudioVersion = 15.0.26730.15
MinimumVisualStudioVersion = 10.0.40219.1
Project("{FAE04EC0-301F-11D3-BF4B-00C04F79EFBC}") = "PickerItems.Android", "PickerItems\PickerItems.Android\PickerItems.Android.csproj", "{A462663C-4D8A-431D-A6AA-E96DC1518DAD}"
EndProject
Project("{FAE04EC0-301F-11D3-BF4B-00C04F79EFBC}") = "PickerItems", "PickerItems\PickerItems\PickerItems.csproj", "{638280F7-6B8E-47A2-8B5F-E66748F3F0E5}"
EndProject
Project("{FAE04EC0-301F-11D3-BF4B-00C04F79EFBC}") = "PickerItems.UWP", "PickerItems\PickerItems.UWP\PickerItems.UWP.csproj", "{CC15F926-3B81-4CDF-9E56-A518A7B90741}"
EndProject
Project("{FAE04EC0-301F-11D3-BF4B-00C04F79EFBC}") = "PickerItems.iOS", "PickerItems\PickerItems.iOS\PickerItems.iOS.csproj", "{1C1515E1-33F4-4764-9BE9-1047D97C6687}"
EndProject
Global
	GlobalSection(SolutionConfigurationPlatforms) = preSolution
		Ad-Hoc|Any CPU = Ad-Hoc|Any CPU
		Ad-Hoc|ARM = Ad-Hoc|ARM
		Ad-Hoc|iPhone = Ad-Hoc|iPhone
		Ad-Hoc|iPhoneSimulator = Ad-Hoc|iPhoneSimulator
		Ad-Hoc|x64 = Ad-Hoc|x64
		Ad-Hoc|x86 = Ad-Hoc|x86
		AppStore|Any CPU = AppStore|Any CPU
		AppStore|ARM = AppStore|ARM
		AppStore|iPhone = AppStore|iPhone
		AppStore|iPhoneSimulator = AppStore|iPhoneSimulator
		AppStore|x64 = AppStore|x64
		AppStore|x86 = AppStore|x86
		Debug|Any CPU = Debug|Any CPU
		Debug|ARM = Debug|ARM
		Debug|iPhone = Debug|iPhone
		Debug|iPhoneSimulator = Debug|iPhoneSimulator
		Debug|x64 = Debug|x64
		Debug|x86 = Debug|x86
		Release|Any CPU = Release|Any CPU
		Release|ARM = Release|ARM
		Release|iPhone = Release|iPhone
		Release|iPhoneSimulator = Release|iPhoneSimulator
		Release|x64 = Release|x64
		Release|x86 = Release|x86
	EndGlobalSection
	GlobalSection(ProjectConfigurationPlatforms) = postSolution
		{A462663C-4D8A-431D-A6AA-E96DC1518DAD}.Ad-Hoc|Any CPU.ActiveCfg = Release|Any CPU
		{A462663C-4D8A-431D-A6AA-E96DC1518DAD}.Ad-Hoc|Any CPU.Build.0 = Release|Any CPU
		{A462663C-4D8A-431D-A6AA-E96DC1518DAD}.Ad-Hoc|Any CPU.Deploy.0 = Release|Any CPU
		{A462663C-4D8A-431D-A6AA-E96DC1518DAD}.Ad-Hoc|ARM.ActiveCfg = Release|Any CPU
		{A462663C-4D8A-431D-A6AA-E96DC1518DAD}.Ad-Hoc|ARM.Build.0 = Release|Any CPU
		{A462663C-4D8A-431D-A6AA-E96DC1518DAD}.Ad-Hoc|ARM.Deploy.0 = Release|Any CPU
		{A462663C-4D8A-431D-A6AA-E96DC1518DAD}.Ad-Hoc|iPhone.ActiveCfg = Release|Any CPU
		{A462663C-4D8A-431D-A6AA-E96DC1518DAD}.Ad-Hoc|iPhone.Build.0 = Release|Any CPU
		{A462663C-4D8A-431D-A6AA-E96DC1518DAD}.Ad-Hoc|iPhone.Deploy.0 = Release|Any CPU
		{A462663C-4D8A-431D-A6AA-E96DC1518DAD}.Ad-Hoc|iPhoneSimulator.ActiveCfg = Release|Any CPU
		{A462663C-4D8A-431D-A6AA-E96DC1518DAD}.Ad-Hoc|iPhoneSimulator.Build.0 = Release|Any CPU
		{A462663C-4D8A-431D-A6AA-E96DC1518DAD}.Ad-Hoc|iPhoneSimulator.Deploy.0 = Release|Any CPU
		{A462663C-4D8A-431D-A6AA-E96DC1518DAD}.Ad-Hoc|x64.ActiveCfg = Release|Any CPU
		{A462663C-4D8A-431D-A6AA-E96DC1518DAD}.Ad-Hoc|x64.Build.0 = Release|Any CPU
		{A462663C-4D8A-431D-A6AA-E96DC1518DAD}.Ad-Hoc|x64.Deploy.0 = Release|Any CPU
		{A462663C-4D8A-431D-A6AA-E96DC1518DAD}.Ad-Hoc|x86.ActiveCfg = Release|Any CPU
		{A462663C-4D8A-431D-A6AA-E96DC1518DAD}.Ad-Hoc|x86.Build.0 = Release|Any CPU
		{A462663C-4D8A-431D-A6AA-E96DC1518DAD}.Ad-Hoc|x86.Deploy.0 = Release|Any CPU
		{A462663C-4D8A-431D-A6AA-E96DC1518DAD}.AppStore|Any CPU.ActiveCfg = Release|Any CPU
		{A462663C-4D8A-431D-A6AA-E96DC1518DAD}.AppStore|Any CPU.Build.0 = Release|Any CPU
		{A462663C-4D8A-431D-A6AA-E96DC1518DAD}.AppStore|Any CPU.Deploy.0 = Release|Any CPU
		{A462663C-4D8A-431D-A6AA-E96DC1518DAD}.AppStore|ARM.ActiveCfg = Release|Any CPU
		{A462663C-4D8A-431D-A6AA-E96DC1518DAD}.AppStore|ARM.Build.0 = Release|Any CPU
		{A462663C-4D8A-431D-A6AA-E96DC1518DAD}.AppStore|ARM.Deploy.0 = Release|Any CPU
		{A462663C-4D8A-431D-A6AA-E96DC1518DAD}.AppStore|iPhone.ActiveCfg = Release|Any CPU
		{A462663C-4D8A-431D-A6AA-E96DC1518DAD}.AppStore|iPhone.Build.0 = Release|Any CPU
		{A462663C-4D8A-431D-A6AA-E96DC1518DAD}.AppStore|iPhone.Deploy.0 = Release|Any CPU
		{A462663C-4D8A-431D-A6AA-E96DC1518DAD}.AppStore|iPhoneSimulator.ActiveCfg = Release|Any CPU
		{A462663C-4D8A-431D-A6AA-E96DC1518DAD}.AppStore|iPhoneSimulator.Build.0 = Release|Any CPU
		{A462663C-4D8A-431D-A6AA-E96DC1518DAD}.AppStore|iPhoneSimulator.Deploy.0 = Release|Any CPU
		{A462663C-4D8A-431D-A6AA-E96DC1518DAD}.AppStore|x64.ActiveCfg = Release|Any CPU
		{A462663C-4D8A-431D-A6AA-E96DC1518DAD}.AppStore|x64.Build.0 = Release|Any CPU
		{A462663C-4D8A-431D-A6AA-E96DC1518DAD}.AppStore|x64.Deploy.0 = Release|Any CPU
		{A462663C-4D8A-431D-A6AA-E96DC1518DAD}.AppStore|x86.ActiveCfg = Release|Any CPU
		{A462663C-4D8A-431D-A6AA-E96DC1518DAD}.AppStore|x86.Build.0 = Release|Any CPU
		{A462663C-4D8A-431D-A6AA-E96DC1518DAD}.AppStore|x86.Deploy.0 = Release|Any CPU
		{A462663C-4D8A-431D-A6AA-E96DC1518DAD}.Debug|Any CPU.ActiveCfg = Debug|Any CPU
		{A462663C-4D8A-431D-A6AA-E96DC1518DAD}.Debug|Any CPU.Build.0 = Debug|Any CPU
		{A462663C-4D8A-431D-A6AA-E96DC1518DAD}.Debug|Any CPU.Deploy.0 = Debug|Any CPU
		{A462663C-4D8A-431D-A6AA-E96DC1518DAD}.Debug|ARM.ActiveCfg = Debug|Any CPU
		{A462663C-4D8A-431D-A6AA-E96DC1518DAD}.Debug|ARM.Build.0 = Debug|Any CPU
		{A462663C-4D8A-431D-A6AA-E96DC1518DAD}.Debug|ARM.Deploy.0 = Debug|Any CPU
		{A462663C-4D8A-431D-A6AA-E96DC1518DAD}.Debug|iPhone.ActiveCfg = Debug|Any CPU
		{A462663C-4D8A-431D-A6AA-E96DC1518DAD}.Debug|iPhone.Build.0 = Debug|Any CPU
		{A462663C-4D8A-431D-A6AA-E96DC1518DAD}.Debug|iPhone.Deploy.0 = Debug|Any CPU
		{A462663C-4D8A-431D-A6AA-E96DC1518DAD}.Debug|iPhoneSimulator.ActiveCfg = Debug|Any CPU
		{A462663C-4D8A-431D-A6AA-E96DC1518DAD}.Debug|iPhoneSimulator.Build.0 = Debug|Any CPU
		{A462663C-4D8A-431D-A6AA-E96DC1518DAD}.Debug|iPhoneSimulator.Deploy.0 = Debug|Any CPU
		{A462663C-4D8A-431D-A6AA-E96DC1518DAD}.Debug|x64.ActiveCfg = Debug|Any CPU
		{A462663C-4D8A-431D-A6AA-E96DC1518DAD}.Debug|x64.Build.0 = Debug|Any CPU
		{A462663C-4D8A-431D-A6AA-E96DC1518DAD}.Debug|x64.Deploy.0 = Debug|Any CPU
		{A462663C-4D8A-431D-A6AA-E96DC1518DAD}.Debug|x86.ActiveCfg = Debug|Any CPU
		{A462663C-4D8A-431D-A6AA-E96DC1518DAD}.Debug|x86.Build.0 = Debug|Any CPU
		{A462663C-4D8A-431D-A6AA-E96DC1518DAD}.Debug|x86.Deploy.0 = Debug|Any CPU
		{A462663C-4D8A-431D-A6AA-E96DC1518DAD}.Release|Any CPU.ActiveCfg = Release|Any CPU
		{A462663C-4D8A-431D-A6AA-E96DC1518DAD}.Release|Any CPU.Build.0 = Release|Any CPU
		{A462663C-4D8A-431D-A6AA-E96DC1518DAD}.Release|Any CPU.Deploy.0 = Release|Any CPU
		{A462663C-4D8A-431D-A6AA-E96DC1518DAD}.Release|ARM.ActiveCfg = Release|Any CPU
		{A462663C-4D8A-431D-A6AA-E96DC1518DAD}.Release|ARM.Build.0 = Release|Any CPU
		{A462663C-4D8A-431D-A6AA-E96DC1518DAD}.Release|ARM.Deploy.0 = Release|Any CPU
		{A462663C-4D8A-431D-A6AA-E96DC1518DAD}.Release|iPhone.ActiveCfg = Release|Any CPU
		{A462663C-4D8A-431D-A6AA-E96DC1518DAD}.Release|iPhone.Build.0 = Release|Any CPU
		{A462663C-4D8A-431D-A6AA-E96DC1518DAD}.Release|iPhone.Deploy.0 = Release|Any CPU
		{A462663C-4D8A-431D-A6AA-E96DC1518DAD}.Release|iPhoneSimulator.ActiveCfg = Release|Any CPU
		{A462663C-4D8A-431D-A6AA-E96DC1518DAD}.Release|iPhoneSimulator.Build.0 = Release|Any CPU
		{A462663C-4D8A-431D-A6AA-E96DC1518DAD}.Release|iPhoneSimulator.Deploy.0 = Release|Any CPU
		{A462663C-4D8A-431D-A6AA-E96DC1518DAD}.Release|x64.ActiveCfg = Release|Any CPU
		{A462663C-4D8A-431D-A6AA-E96DC1518DAD}.Release|x64.Build.0 = Release|Any CPU
		{A462663C-4D8A-431D-A6AA-E96DC1518DAD}.Release|x64.Deploy.0 = Release|Any CPU
		{A462663C-4D8A-431D-A6AA-E96DC1518DAD}.Release|x86.ActiveCfg = Release|Any CPU
		{A462663C-4D8A-431D-A6AA-E96DC1518DAD}.Release|x86.Build.0 = Release|Any CPU
		{A462663C-4D8A-431D-A6AA-E96DC1518DAD}.Release|x86.Deploy.0 = Release|Any CPU
		{638280F7-6B8E-47A2-8B5F-E66748F3F0E5}.Ad-Hoc|Any CPU.ActiveCfg = Release|Any CPU
		{638280F7-6B8E-47A2-8B5F-E66748F3F0E5}.Ad-Hoc|Any CPU.Build.0 = Release|Any CPU
		{638280F7-6B8E-47A2-8B5F-E66748F3F0E5}.Ad-Hoc|ARM.ActiveCfg = Release|Any CPU
		{638280F7-6B8E-47A2-8B5F-E66748F3F0E5}.Ad-Hoc|ARM.Build.0 = Release|Any CPU
		{638280F7-6B8E-47A2-8B5F-E66748F3F0E5}.Ad-Hoc|iPhone.ActiveCfg = Release|Any CPU
		{638280F7-6B8E-47A2-8B5F-E66748F3F0E5}.Ad-Hoc|iPhone.Build.0 = Release|Any CPU
		{638280F7-6B8E-47A2-8B5F-E66748F3F0E5}.Ad-Hoc|iPhoneSimulator.ActiveCfg = Release|Any CPU
		{638280F7-6B8E-47A2-8B5F-E66748F3F0E5}.Ad-Hoc|iPhoneSimulator.Build.0 = Release|Any CPU
		{638280F7-6B8E-47A2-8B5F-E66748F3F0E5}.Ad-Hoc|x64.ActiveCfg = Release|Any CPU
		{638280F7-6B8E-47A2-8B5F-E66748F3F0E5}.Ad-Hoc|x64.Build.0 = Release|Any CPU
		{638280F7-6B8E-47A2-8B5F-E66748F3F0E5}.Ad-Hoc|x86.ActiveCfg = Release|Any CPU
		{638280F7-6B8E-47A2-8B5F-E66748F3F0E5}.Ad-Hoc|x86.Build.0 = Release|Any CPU
		{638280F7-6B8E-47A2-8B5F-E66748F3F0E5}.AppStore|Any CPU.ActiveCfg = Release|Any CPU
		{638280F7-6B8E-47A2-8B5F-E66748F3F0E5}.AppStore|Any CPU.Build.0 = Release|Any CPU
		{638280F7-6B8E-47A2-8B5F-E66748F3F0E5}.AppStore|ARM.ActiveCfg = Release|Any CPU
		{638280F7-6B8E-47A2-8B5F-E66748F3F0E5}.AppStore|ARM.Build.0 = Release|Any CPU
		{638280F7-6B8E-47A2-8B5F-E66748F3F0E5}.AppStore|iPhone.ActiveCfg = Release|Any CPU
		{638280F7-6B8E-47A2-8B5F-E66748F3F0E5}.AppStore|iPhone.Build.0 = Release|Any CPU
		{638280F7-6B8E-47A2-8B5F-E66748F3F0E5}.AppStore|iPhoneSimulator.ActiveCfg = Release|Any CPU
		{638280F7-6B8E-47A2-8B5F-E66748F3F0E5}.AppStore|iPhoneSimulator.Build.0 = Release|Any CPU
		{638280F7-6B8E-47A2-8B5F-E66748F3F0E5}.AppStore|x64.ActiveCfg = Release|Any CPU
		{638280F7-6B8E-47A2-8B5F-E66748F3F0E5}.AppStore|x64.Build.0 = Release|Any CPU
		{638280F7-6B8E-47A2-8B5F-E66748F3F0E5}.AppStore|x86.ActiveCfg = Release|Any CPU
		{638280F7-6B8E-47A2-8B5F-E66748F3F0E5}.AppStore|x86.Build.0 = Release|Any CPU
		{638280F7-6B8E-47A2-8B5F-E66748F3F0E5}.Debug|Any CPU.ActiveCfg = Debug|Any CPU
		{638280F7-6B8E-47A2-8B5F-E66748F3F0E5}.Debug|Any CPU.Build.0 = Debug|Any CPU
		{638280F7-6B8E-47A2-8B5F-E66748F3F0E5}.Debug|ARM.ActiveCfg = Debug|Any CPU
		{638280F7-6B8E-47A2-8B5F-E66748F3F0E5}.Debug|ARM.Build.0 = Debug|Any CPU
		{638280F7-6B8E-47A2-8B5F-E66748F3F0E5}.Debug|iPhone.ActiveCfg = Debug|Any CPU
		{638280F7-6B8E-47A2-8B5F-E66748F3F0E5}.Debug|iPhone.Build.0 = Debug|Any CPU
		{638280F7-6B8E-47A2-8B5F-E66748F3F0E5}.Debug|iPhoneSimulator.ActiveCfg = Debug|Any CPU
		{638280F7-6B8E-47A2-8B5F-E66748F3F0E5}.Debug|iPhoneSimulator.Build.0 = Debug|Any CPU
		{638280F7-6B8E-47A2-8B5F-E66748F3F0E5}.Debug|x64.ActiveCfg = Debug|Any CPU
		{638280F7-6B8E-47A2-8B5F-E66748F3F0E5}.Debug|x64.Build.0 = Debug|Any CPU
		{638280F7-6B8E-47A2-8B5F-E66748F3F0E5}.Debug|x86.ActiveCfg = Debug|Any CPU
		{638280F7-6B8E-47A2-8B5F-E66748F3F0E5}.Debug|x86.Build.0 = Debug|Any CPU
		{638280F7-6B8E-47A2-8B5F-E66748F3F0E5}.Release|Any CPU.ActiveCfg = Release|Any CPU
		{638280F7-6B8E-47A2-8B5F-E66748F3F0E5}.Release|Any CPU.Build.0 = Release|Any CPU
		{638280F7-6B8E-47A2-8B5F-E66748F3F0E5}.Release|ARM.ActiveCfg = Release|Any CPU
		{638280F7-6B8E-47A2-8B5F-E66748F3F0E5}.Release|ARM.Build.0 = Release|Any CPU
		{638280F7-6B8E-47A2-8B5F-E66748F3F0E5}.Release|iPhone.ActiveCfg = Release|Any CPU
		{638280F7-6B8E-47A2-8B5F-E66748F3F0E5}.Release|iPhone.Build.0 = Release|Any CPU
		{638280F7-6B8E-47A2-8B5F-E66748F3F0E5}.Release|iPhoneSimulator.ActiveCfg = Release|Any CPU
		{638280F7-6B8E-47A2-8B5F-E66748F3F0E5}.Release|iPhoneSimulator.Build.0 = Release|Any CPU
		{638280F7-6B8E-47A2-8B5F-E66748F3F0E5}.Release|x64.ActiveCfg = Release|Any CPU
		{638280F7-6B8E-47A2-8B5F-E66748F3F0E5}.Release|x64.Build.0 = Release|Any CPU
		{638280F7-6B8E-47A2-8B5F-E66748F3F0E5}.Release|x86.ActiveCfg = Release|Any CPU
		{638280F7-6B8E-47A2-8B5F-E66748F3F0E5}.Release|x86.Build.0 = Release|Any CPU
		{CC15F926-3B81-4CDF-9E56-A518A7B90741}.Ad-Hoc|Any CPU.ActiveCfg = Release|x86
		{CC15F926-3B81-4CDF-9E56-A518A7B90741}.Ad-Hoc|Any CPU.Build.0 = Release|x86
		{CC15F926-3B81-4CDF-9E56-A518A7B90741}.Ad-Hoc|Any CPU.Deploy.0 = Release|x86
		{CC15F926-3B81-4CDF-9E56-A518A7B90741}.Ad-Hoc|ARM.ActiveCfg = Release|ARM
		{CC15F926-3B81-4CDF-9E56-A518A7B90741}.Ad-Hoc|ARM.Build.0 = Release|ARM
		{CC15F926-3B81-4CDF-9E56-A518A7B90741}.Ad-Hoc|ARM.Deploy.0 = Release|ARM
		{CC15F926-3B81-4CDF-9E56-A518A7B90741}.Ad-Hoc|iPhone.ActiveCfg = Release|x86
		{CC15F926-3B81-4CDF-9E56-A518A7B90741}.Ad-Hoc|iPhone.Build.0 = Release|x86
		{CC15F926-3B81-4CDF-9E56-A518A7B90741}.Ad-Hoc|iPhone.Deploy.0 = Release|x86
		{CC15F926-3B81-4CDF-9E56-A518A7B90741}.Ad-Hoc|iPhoneSimulator.ActiveCfg = Release|x86
		{CC15F926-3B81-4CDF-9E56-A518A7B90741}.Ad-Hoc|iPhoneSimulator.Build.0 = Release|x86
		{CC15F926-3B81-4CDF-9E56-A518A7B90741}.Ad-Hoc|iPhoneSimulator.Deploy.0 = Release|x86
		{CC15F926-3B81-4CDF-9E56-A518A7B90741}.Ad-Hoc|x64.ActiveCfg = Release|x64
		{CC15F926-3B81-4CDF-9E56-A518A7B90741}.Ad-Hoc|x64.Build.0 = Release|x64
		{CC15F926-3B81-4CDF-9E56-A518A7B90741}.Ad-Hoc|x64.Deploy.0 = Release|x64
		{CC15F926-3B81-4CDF-9E56-A518A7B90741}.Ad-Hoc|x86.ActiveCfg = Release|x86
		{CC15F926-3B81-4CDF-9E56-A518A7B90741}.Ad-Hoc|x86.Build.0 = Release|x86
		{CC15F926-3B81-4CDF-9E56-A518A7B90741}.Ad-Hoc|x86.Deploy.0 = Release|x86
		{CC15F926-3B81-4CDF-9E56-A518A7B90741}.AppStore|Any CPU.ActiveCfg = Release|x86
		{CC15F926-3B81-4CDF-9E56-A518A7B90741}.AppStore|Any CPU.Build.0 = Release|x86
		{CC15F926-3B81-4CDF-9E56-A518A7B90741}.AppStore|Any CPU.Deploy.0 = Release|x86
		{CC15F926-3B81-4CDF-9E56-A518A7B90741}.AppStore|ARM.ActiveCfg = Release|ARM
		{CC15F926-3B81-4CDF-9E56-A518A7B90741}.AppStore|ARM.Build.0 = Release|ARM
		{CC15F926-3B81-4CDF-9E56-A518A7B90741}.AppStore|ARM.Deploy.0 = Release|ARM
		{CC15F926-3B81-4CDF-9E56-A518A7B90741}.AppStore|iPhone.ActiveCfg = Release|x86
		{CC15F926-3B81-4CDF-9E56-A518A7B90741}.AppStore|iPhone.Build.0 = Release|x86
		{CC15F926-3B81-4CDF-9E56-A518A7B90741}.AppStore|iPhone.Deploy.0 = Release|x86
		{CC15F926-3B81-4CDF-9E56-A518A7B90741}.AppStore|iPhoneSimulator.ActiveCfg = Release|x86
		{CC15F926-3B81-4CDF-9E56-A518A7B90741}.AppStore|iPhoneSimulator.Build.0 = Release|x86
		{CC15F926-3B81-4CDF-9E56-A518A7B90741}.AppStore|iPhoneSimulator.Deploy.0 = Release|x86
		{CC15F926-3B81-4CDF-9E56-A518A7B90741}.AppStore|x64.ActiveCfg = Release|x64
		{CC15F926-3B81-4CDF-9E56-A518A7B90741}.AppStore|x64.Build.0 = Release|x64
		{CC15F926-3B81-4CDF-9E56-A518A7B90741}.AppStore|x64.Deploy.0 = Release|x64
		{CC15F926-3B81-4CDF-9E56-A518A7B90741}.AppStore|x86.ActiveCfg = Release|x86
		{CC15F926-3B81-4CDF-9E56-A518A7B90741}.AppStore|x86.Build.0 = Release|x86
		{CC15F926-3B81-4CDF-9E56-A518A7B90741}.AppStore|x86.Deploy.0 = Release|x86
		{CC15F926-3B81-4CDF-9E56-A518A7B90741}.Debug|Any CPU.ActiveCfg = Debug|x86
		{CC15F926-3B81-4CDF-9E56-A518A7B90741}.Debug|Any CPU.Build.0 = Debug|x86
		{CC15F926-3B81-4CDF-9E56-A518A7B90741}.Debug|Any CPU.Deploy.0 = Debug|x86
		{CC15F926-3B81-4CDF-9E56-A518A7B90741}.Debug|ARM.ActiveCfg = Debug|ARM
		{CC15F926-3B81-4CDF-9E56-A518A7B90741}.Debug|ARM.Build.0 = Debug|ARM
		{CC15F926-3B81-4CDF-9E56-A518A7B90741}.Debug|ARM.Deploy.0 = Debug|ARM
		{CC15F926-3B81-4CDF-9E56-A518A7B90741}.Debug|iPhone.ActiveCfg = Debug|x86
		{CC15F926-3B81-4CDF-9E56-A518A7B90741}.Debug|iPhoneSimulator.ActiveCfg = Debug|x86
		{CC15F926-3B81-4CDF-9E56-A518A7B90741}.Debug|x64.ActiveCfg = Debug|x64
		{CC15F926-3B81-4CDF-9E56-A518A7B90741}.Debug|x64.Build.0 = Debug|x64
		{CC15F926-3B81-4CDF-9E56-A518A7B90741}.Debug|x64.Deploy.0 = Debug|x64
		{CC15F926-3B81-4CDF-9E56-A518A7B90741}.Debug|x86.ActiveCfg = Debug|x86
		{CC15F926-3B81-4CDF-9E56-A518A7B90741}.Debug|x86.Build.0 = Debug|x86
		{CC15F926-3B81-4CDF-9E56-A518A7B90741}.Debug|x86.Deploy.0 = Debug|x86
		{CC15F926-3B81-4CDF-9E56-A518A7B90741}.Release|Any CPU.ActiveCfg = Release|x86
		{CC15F926-3B81-4CDF-9E56-A518A7B90741}.Release|ARM.ActiveCfg = Release|ARM
		{CC15F926-3B81-4CDF-9E56-A518A7B90741}.Release|ARM.Build.0 = Release|ARM
		{CC15F926-3B81-4CDF-9E56-A518A7B90741}.Release|ARM.Deploy.0 = Release|ARM
		{CC15F926-3B81-4CDF-9E56-A518A7B90741}.Release|iPhone.ActiveCfg = Release|x86
		{CC15F926-3B81-4CDF-9E56-A518A7B90741}.Release|iPhoneSimulator.ActiveCfg = Release|x86
		{CC15F926-3B81-4CDF-9E56-A518A7B90741}.Release|x64.ActiveCfg = Release|x64
		{CC15F926-3B81-4CDF-9E56-A518A7B90741}.Release|x64.Build.0 = Release|x64
		{CC15F926-3B81-4CDF-9E56-A518A7B90741}.Release|x64.Deploy.0 = Release|x64
		{CC15F926-3B81-4CDF-9E56-A518A7B90741}.Release|x86.ActiveCfg = Release|x86
		{CC15F926-3B81-4CDF-9E56-A518A7B90741}.Release|x86.Build.0 = Release|x86
		{CC15F926-3B81-4CDF-9E56-A518A7B90741}.Release|x86.Deploy.0 = Release|x86
		{1C1515E1-33F4-4764-9BE9-1047D97C6687}.Ad-Hoc|Any CPU.ActiveCfg = Ad-Hoc|iPhone
		{1C1515E1-33F4-4764-9BE9-1047D97C6687}.Ad-Hoc|ARM.ActiveCfg = Ad-Hoc|iPhone
		{1C1515E1-33F4-4764-9BE9-1047D97C6687}.Ad-Hoc|iPhone.ActiveCfg = Ad-Hoc|iPhone
		{1C1515E1-33F4-4764-9BE9-1047D97C6687}.Ad-Hoc|iPhone.Build.0 = Ad-Hoc|iPhone
		{1C1515E1-33F4-4764-9BE9-1047D97C6687}.Ad-Hoc|iPhoneSimulator.ActiveCfg = Ad-Hoc|iPhoneSimulator
		{1C1515E1-33F4-4764-9BE9-1047D97C6687}.Ad-Hoc|iPhoneSimulator.Build.0 = Ad-Hoc|iPhoneSimulator
		{1C1515E1-33F4-4764-9BE9-1047D97C6687}.Ad-Hoc|x64.ActiveCfg = Ad-Hoc|iPhone
		{1C1515E1-33F4-4764-9BE9-1047D97C6687}.Ad-Hoc|x86.ActiveCfg = Ad-Hoc|iPhone
		{1C1515E1-33F4-4764-9BE9-1047D97C6687}.AppStore|Any CPU.ActiveCfg = AppStore|iPhone
		{1C1515E1-33F4-4764-9BE9-1047D97C6687}.AppStore|ARM.ActiveCfg = AppStore|iPhone
		{1C1515E1-33F4-4764-9BE9-1047D97C6687}.AppStore|iPhone.ActiveCfg = AppStore|iPhone
		{1C1515E1-33F4-4764-9BE9-1047D97C6687}.AppStore|iPhone.Build.0 = AppStore|iPhone
		{1C1515E1-33F4-4764-9BE9-1047D97C6687}.AppStore|iPhoneSimulator.ActiveCfg = AppStore|iPhoneSimulator
		{1C1515E1-33F4-4764-9BE9-1047D97C6687}.AppStore|iPhoneSimulator.Build.0 = AppStore|iPhoneSimulator
		{1C1515E1-33F4-4764-9BE9-1047D97C6687}.AppStore|x64.ActiveCfg = AppStore|iPhone
		{1C1515E1-33F4-4764-9BE9-1047D97C6687}.AppStore|x86.ActiveCfg = AppStore|iPhone
		{1C1515E1-33F4-4764-9BE9-1047D97C6687}.Debug|Any CPU.ActiveCfg = Debug|iPhone
		{1C1515E1-33F4-4764-9BE9-1047D97C6687}.Debug|Any CPU.Build.0 = Debug|iPhone
		{1C1515E1-33F4-4764-9BE9-1047D97C6687}.Debug|ARM.ActiveCfg = Debug|iPhone
		{1C1515E1-33F4-4764-9BE9-1047D97C6687}.Debug|iPhone.ActiveCfg = Debug|iPhone
		{1C1515E1-33F4-4764-9BE9-1047D97C6687}.Debug|iPhone.Build.0 = Debug|iPhone
		{1C1515E1-33F4-4764-9BE9-1047D97C6687}.Debug|iPhoneSimulator.ActiveCfg = Debug|iPhoneSimulator
		{1C1515E1-33F4-4764-9BE9-1047D97C6687}.Debug|iPhoneSimulator.Build.0 = Debug|iPhoneSimulator
		{1C1515E1-33F4-4764-9BE9-1047D97C6687}.Debug|x64.ActiveCfg = Debug|iPhone
		{1C1515E1-33F4-4764-9BE9-1047D97C6687}.Debug|x86.ActiveCfg = Debug|iPhone
		{1C1515E1-33F4-4764-9BE9-1047D97C6687}.Release|Any CPU.ActiveCfg = Release|iPhone
		{1C1515E1-33F4-4764-9BE9-1047D97C6687}.Release|ARM.ActiveCfg = Release|iPhone
		{1C1515E1-33F4-4764-9BE9-1047D97C6687}.Release|iPhone.ActiveCfg = Release|iPhone
		{1C1515E1-33F4-4764-9BE9-1047D97C6687}.Release|iPhone.Build.0 = Release|iPhone
		{1C1515E1-33F4-4764-9BE9-1047D97C6687}.Release|iPhoneSimulator.ActiveCfg = Release|iPhoneSimulator
		{1C1515E1-33F4-4764-9BE9-1047D97C6687}.Release|iPhoneSimulator.Build.0 = Release|iPhoneSimulator
		{1C1515E1-33F4-4764-9BE9-1047D97C6687}.Release|x64.ActiveCfg = Release|iPhone
		{1C1515E1-33F4-4764-9BE9-1047D97C6687}.Release|x86.ActiveCfg = Release|iPhone
	EndGlobalSection
	GlobalSection(SolutionProperties) = preSolution
		HideSolutionNode = FALSE
	EndGlobalSection
	GlobalSection(ExtensibilityGlobals) = postSolution
		SolutionGuid = {9D9C546C-234C-4FA4-A202-A2F6076C9C93}
	EndGlobalSection
EndGlobal
